[root]
name = "server"
version = "0.1.0"
dependencies = [
 "iron 0.1.18 (registry+https://github.com/rust-lang/crates.io-index)",
 "router 0.0.10 (registry+https://github.com/rust-lang/crates.io-index)",
 "urlencoded 0.2.0 (registry+https://github.com/rust-lang/crates.io-index)",
]

[[package]]
name = "bitflags"
version = "0.1.1"
source = "registry+https://github.com/rust-lang/crates.io-index"

[[package]]
name = "bodyparser"
version = "0.0.6"
source = "registry+https://github.com/rust-lang/crates.io-index"
dependencies = [
 "iron 0.1.18 (registry+https://github.com/rust-lang/crates.io-index)",
 "persistent 0.0.6 (registry+https://github.com/rust-lang/crates.io-index)",
 "plugin 0.2.6 (registry+https://github.com/rust-lang/crates.io-index)",
 "rustc-serialize 0.3.14 (registry+https://github.com/rust-lang/crates.io-index)",
]

[[package]]
name = "conduit-mime-types"
version = "0.7.3"
source = "registry+https://github.com/rust-lang/crates.io-index"
dependencies = [
 "rustc-serialize 0.3.14 (registry+https://github.com/rust-lang/crates.io-index)",
]

[[package]]
name = "cookie"
version = "0.1.20"
source = "registry+https://github.com/rust-lang/crates.io-index"
dependencies = [
 "openssl 0.6.2 (registry+https://github.com/rust-lang/crates.io-index)",
 "rustc-serialize 0.3.14 (registry+https://github.com/rust-lang/crates.io-index)",
 "time 0.1.25 (registry+https://github.com/rust-lang/crates.io-index)",
 "url 0.2.34 (registry+https://github.com/rust-lang/crates.io-index)",
]

[[package]]
name = "error"
version = "0.1.7"
source = "registry+https://github.com/rust-lang/crates.io-index"
dependencies = [
 "traitobject 0.0.3 (registry+https://github.com/rust-lang/crates.io-index)",
 "typeable 0.1.1 (registry+https://github.com/rust-lang/crates.io-index)",
]

[[package]]
name = "gcc"
version = "0.3.5"
source = "registry+https://github.com/rust-lang/crates.io-index"

[[package]]
name = "httparse"
version = "0.1.3"
source = "registry+https://github.com/rust-lang/crates.io-index"

[[package]]
name = "hyper"
version = "0.5.1"
source = "registry+https://github.com/rust-lang/crates.io-index"
dependencies = [
 "cookie 0.1.20 (registry+https://github.com/rust-lang/crates.io-index)",
 "httparse 0.1.3 (registry+https://github.com/rust-lang/crates.io-index)",
 "log 0.3.1 (registry+https://github.com/rust-lang/crates.io-index)",
 "mime 0.0.11 (registry+https://github.com/rust-lang/crates.io-index)",
 "num_cpus 0.2.6 (registry+https://github.com/rust-lang/crates.io-index)",
 "openssl 0.6.2 (registry+https://github.com/rust-lang/crates.io-index)",
 "rustc-serialize 0.3.14 (registry+https://github.com/rust-lang/crates.io-index)",
 "time 0.1.25 (registry+https://github.com/rust-lang/crates.io-index)",
 "traitobject 0.0.1 (registry+https://github.com/rust-lang/crates.io-index)",
 "typeable 0.1.1 (registry+https://github.com/rust-lang/crates.io-index)",
 "unicase 0.1.0 (registry+https://github.com/rust-lang/crates.io-index)",
 "url 0.2.34 (registry+https://github.com/rust-lang/crates.io-index)",
]

[[package]]
name = "iron"
version = "0.1.18"
source = "registry+https://github.com/rust-lang/crates.io-index"
dependencies = [
 "conduit-mime-types 0.7.3 (registry+https://github.com/rust-lang/crates.io-index)",
 "error 0.1.7 (registry+https://github.com/rust-lang/crates.io-index)",
 "hyper 0.5.1 (registry+https://github.com/rust-lang/crates.io-index)",
 "lazy_static 0.1.11 (registry+https://github.com/rust-lang/crates.io-index)",
 "log 0.3.1 (registry+https://github.com/rust-lang/crates.io-index)",
 "modifier 0.1.0 (registry+https://github.com/rust-lang/crates.io-index)",
 "num_cpus 0.2.6 (registry+https://github.com/rust-lang/crates.io-index)",
 "plugin 0.2.6 (registry+https://github.com/rust-lang/crates.io-index)",
 "typemap 0.3.2 (registry+https://github.com/rust-lang/crates.io-index)",
 "url 0.2.34 (registry+https://github.com/rust-lang/crates.io-index)",
]

[[package]]
name = "lazy_static"
version = "0.1.11"
source = "registry+https://github.com/rust-lang/crates.io-index"

[[package]]
name = "libc"
version = "0.1.8"
source = "registry+https://github.com/rust-lang/crates.io-index"

[[package]]
name = "libressl-pnacl-sys"
version = "2.1.5"
source = "registry+https://github.com/rust-lang/crates.io-index"
dependencies = [
 "pnacl-build-helper 1.4.0 (registry+https://github.com/rust-lang/crates.io-index)",
]

[[package]]
name = "log"
version = "0.3.1"
source = "registry+https://github.com/rust-lang/crates.io-index"
dependencies = [
 "libc 0.1.8 (registry+https://github.com/rust-lang/crates.io-index)",
]

[[package]]
name = "matches"
version = "0.1.2"
source = "registry+https://github.com/rust-lang/crates.io-index"

[[package]]
name = "mime"
version = "0.0.11"
source = "registry+https://github.com/rust-lang/crates.io-index"
dependencies = [
 "log 0.3.1 (registry+https://github.com/rust-lang/crates.io-index)",
]

[[package]]
name = "modifier"
version = "0.1.0"
source = "registry+https://github.com/rust-lang/crates.io-index"

[[package]]
name = "num_cpus"
version = "0.2.6"
source = "registry+https://github.com/rust-lang/crates.io-index"
dependencies = [
 "libc 0.1.8 (registry+https://github.com/rust-lang/crates.io-index)",
]

[[package]]
name = "openssl"
version = "0.6.2"
source = "registry+https://github.com/rust-lang/crates.io-index"
dependencies = [
 "bitflags 0.1.1 (registry+https://github.com/rust-lang/crates.io-index)",
 "lazy_static 0.1.11 (registry+https://github.com/rust-lang/crates.io-index)",
 "libc 0.1.8 (registry+https://github.com/rust-lang/crates.io-index)",
 "openssl-sys 0.6.2 (registry+https://github.com/rust-lang/crates.io-index)",
]

[[package]]
name = "openssl-sys"
version = "0.6.2"
source = "registry+https://github.com/rust-lang/crates.io-index"
dependencies = [
 "gcc 0.3.5 (registry+https://github.com/rust-lang/crates.io-index)",
 "libc 0.1.8 (registry+https://github.com/rust-lang/crates.io-index)",
 "libressl-pnacl-sys 2.1.5 (registry+https://github.com/rust-lang/crates.io-index)",
 "pkg-config 0.3.4 (registry+https://github.com/rust-lang/crates.io-index)",
]

[[package]]
name = "persistent"
version = "0.0.6"
source = "registry+https://github.com/rust-lang/crates.io-index"
dependencies = [
 "iron 0.1.18 (registry+https://github.com/rust-lang/crates.io-index)",
 "plugin 0.2.6 (registry+https://github.com/rust-lang/crates.io-index)",
]

[[package]]
name = "pkg-config"
version = "0.3.4"
source = "registry+https://github.com/rust-lang/crates.io-index"

[[package]]
name = "plugin"
version = "0.2.6"
source = "registry+https://github.com/rust-lang/crates.io-index"
dependencies = [
 "typemap 0.3.2 (registry+https://github.com/rust-lang/crates.io-index)",
]

[[package]]
name = "pnacl-build-helper"
version = "1.4.0"
source = "registry+https://github.com/rust-lang/crates.io-index"
dependencies = [
 "tempdir 0.3.4 (registry+https://github.com/rust-lang/crates.io-index)",
]

[[package]]
name = "rand"
version = "0.3.8"
source = "registry+https://github.com/rust-lang/crates.io-index"
dependencies = [
 "libc 0.1.8 (registry+https://github.com/rust-lang/crates.io-index)",
]

[[package]]
name = "route-recognizer"
version = "0.1.11"
source = "registry+https://github.com/rust-lang/crates.io-index"

[[package]]
name = "router"
version = "0.0.10"
source = "registry+https://github.com/rust-lang/crates.io-index"
dependencies = [
 "iron 0.1.18 (registry+https://github.com/rust-lang/crates.io-index)",
 "route-recognizer 0.1.11 (registry+https://github.com/rust-lang/crates.io-index)",
]

[[package]]
name = "rustc-serialize"
version = "0.3.14"
source = "registry+https://github.com/rust-lang/crates.io-index"

[[package]]
name = "tempdir"
version = "0.3.4"
source = "registry+https://github.com/rust-lang/crates.io-index"
dependencies = [
 "rand 0.3.8 (registry+https://github.com/rust-lang/crates.io-index)",
]

[[package]]
name = "time"
version = "0.1.25"
source = "registry+https://github.com/rust-lang/crates.io-index"
dependencies = [
 "gcc 0.3.5 (registry+https://github.com/rust-lang/crates.io-index)",
 "libc 0.1.8 (registry+https://github.com/rust-lang/crates.io-index)",
]

[[package]]
name = "traitobject"
version = "0.0.1"
source = "registry+https://github.com/rust-lang/crates.io-index"

[[package]]
name = "traitobject"
version = "0.0.3"
source = "registry+https://github.com/rust-lang/crates.io-index"

[[package]]
name = "typeable"
version = "0.1.1"
source = "registry+https://github.com/rust-lang/crates.io-index"

[[package]]
name = "typemap"
version = "0.3.2"
source = "registry+https://github.com/rust-lang/crates.io-index"
dependencies = [
 "unsafe-any 0.4.1 (registry+https://github.com/rust-lang/crates.io-index)",
]

[[package]]
name = "unicase"
version = "0.1.0"
source = "registry+https://github.com/rust-lang/crates.io-index"

[[package]]
name = "unsafe-any"
version = "0.4.1"
source = "registry+https://github.com/rust-lang/crates.io-index"
dependencies = [
 "traitobject 0.0.3 (registry+https://github.com/rust-lang/crates.io-index)",
]

[[package]]
name = "url"
version = "0.2.34"
source = "registry+https://github.com/rust-lang/crates.io-index"
dependencies = [
 "matches 0.1.2 (registry+https://github.com/rust-lang/crates.io-index)",
 "rustc-serialize 0.3.14 (registry+https://github.com/rust-lang/crates.io-index)",
]

[[package]]
name = "urlencoded"
version = "0.2.0"
source = "registry+https://github.com/rust-lang/crates.io-index"
dependencies = [
 "bodyparser 0.0.6 (registry+https://github.com/rust-lang/crates.io-index)",
 "iron 0.1.18 (registry+https://github.com/rust-lang/crates.io-index)",
 "plugin 0.2.6 (registry+https://github.com/rust-lang/crates.io-index)",
 "url 0.2.34 (registry+https://github.com/rust-lang/crates.io-index)",
]

[metadata]
"checksum bitflags 0.1.1 (registry+https://github.com/rust-lang/crates.io-index)" = "2a6577517ecd0ee0934f48a7295a89aaef3e6dfafeac404f94c0b3448518ddfe"
"checksum bodyparser 0.0.6 (registry+https://github.com/rust-lang/crates.io-index)" = "78c280275d396472fb2f4f4bbeb88a7fa9dc45403e9b290e2a5cbf12a1354c47"
"checksum conduit-mime-types 0.7.3 (registry+https://github.com/rust-lang/crates.io-index)" = "95ca30253581af809925ef68c2641cc140d6183f43e12e0af4992d53768bd7b8"
"checksum cookie 0.1.20 (registry+https://github.com/rust-lang/crates.io-index)" = "e9e2084e0d6b1465a29e8e203edbddc455d1a93fd48caeafbb0f3caa458bf65f"
"checksum error 0.1.7 (registry+https://github.com/rust-lang/crates.io-index)" = "aa18f32e8cb5262901fe4fd9ea0d44607b029605a6e0a84bcdf97e70539c7b4a"
"checksum gcc 0.3.5 (registry+https://github.com/rust-lang/crates.io-index)" = "0c2210f2b93a3bb3ee26c639f12c65a21221b827ab7db105476e3f055e5c4589"
"checksum httparse 0.1.3 (registry+https://github.com/rust-lang/crates.io-index)" = "5ded251d96eb6f29e9f2e6393b00b3efc731baaebb5707608c8bbe8403489fab"
"checksum hyper 0.5.1 (registry+https://github.com/rust-lang/crates.io-index)" = "74455aee4483854dcadba831c3e095e0fe19296130da33707aeff7bc03be2d00"
"checksum iron 0.1.18 (registry+https://github.com/rust-lang/crates.io-index)" = "cef5678e63aff37b94330890e7b1903f778f3d0952c8b2b5fdfb0526f44349ea"
"checksum lazy_static 0.1.11 (registry+https://github.com/rust-lang/crates.io-index)" = "e28c1b44cbc32bd37553b2c1b2d3f744ffadb6ce26381c9018492364ecb525d0"
"checksum libc 0.1.8 (registry+https://github.com/rust-lang/crates.io-index)" = "a64b9ad3eea69f6f43b87c07c0534505a68c8834ad4c6bad4089de15e45cec83"
"checksum libressl-pnacl-sys 2.1.5 (registry+https://github.com/rust-lang/crates.io-index)" = "aebb4b32c6b607f737d921dde41712e00905a77f5968b5471466534e34ab447c"
"checksum log 0.3.1 (registry+https://github.com/rust-lang/crates.io-index)" = "d2ee3324e161fe61168b08bcd096f1e023d14f0777a076ba14d1825ea3b99d40"
"checksum matches 0.1.2 (registry+https://github.com/rust-lang/crates.io-index)" = "15305656809ce5a4805b1ff2946892810992197ce1270ff79baded852187942e"
"checksum mime 0.0.11 (registry+https://github.com/rust-lang/crates.io-index)" = "75a557e11da601c142fff546afa8fb97e812fa3180bb2540bbd1e57893867fe1"
"checksum modifier 0.1.0 (registry+https://github.com/rust-lang/crates.io-index)" = "41f5c9112cb662acd3b204077e0de5bc66305fa8df65c8019d5adb10e9ab6e58"
"checksum num_cpus 0.2.6 (registry+https://github.com/rust-lang/crates.io-index)" = "aed7a0c6b051811d1b6c6d36a77f5820d2b520c8e832ea47cb0754f90d340e31"
"checksum openssl 0.6.2 (registry+https://github.com/rust-lang/crates.io-index)" = "3eb9177f6e48ea06acfa25820e063c5c14a22d00aa1036843b9a8afd76d13209"
"checksum openssl-sys 0.6.2 (registry+https://github.com/rust-lang/crates.io-index)" = "c71176e711c8cac71c002e12f239849b190d96e491dfb88b79cef21725120de2"
"checksum persistent 0.0.6 (registry+https://github.com/rust-lang/crates.io-index)" = "02967968d2c19c4b6195c7393baaf4515d735acb6717e8fb45b40f8270342838"
"checksum pkg-config 0.3.4 (registry+https://github.com/rust-lang/crates.io-index)" = "0b9f5685d8083d3955a9b8c97670d6bd8aa7d54877c778a1ca3afed54987b485"
"checksum plugin 0.2.6 (registry+https://github.com/rust-lang/crates.io-index)" = "1a6a0dc3910bc8db877ffed8e457763b317cf880df4ae19109b9f77d277cf6e0"
"checksum pnacl-build-helper 1.4.0 (registry+https://github.com/rust-lang/crates.io-index)" = "5091115a532f2f9c036e178b9f800de59208a666896947650bed9026e754e1da"
"checksum rand 0.3.8 (registry+https://github.com/rust-lang/crates.io-index)" = "b674087a811e0f96133764b93f2f95ab843c0ade512ca52fd5df732c93d4c596"
"checksum route-recognizer 0.1.11 (registry+https://github.com/rust-lang/crates.io-index)" = "4f0a750d020adb1978f5964ea7bca830585899b09da7cbb3f04961fc2400122d"
"checksum router 0.0.10 (registry+https://github.com/rust-lang/crates.io-index)" = "c8f3d503583a1088c145c36aaf97e59eaf3ee605d7e5034283871b20c487bd92"
"checksum rustc-serialize 0.3.14 (registry+https://github.com/rust-lang/crates.io-index)" = "3b47eae5c2234693d9f19071713ae6140b1021390f41b87c313108d419b3bbe8"
"checksum tempdir 0.3.4 (registry+https://github.com/rust-lang/crates.io-index)" = "0b62933a3f96cd559700662c34f8bab881d9e3540289fb4f368419c7f13a5aa9"
"checksum time 0.1.25 (registry+https://github.com/rust-lang/crates.io-index)" = "f20e102bca8f92bbd42eefad5ec66e4d74701849de4ac348051b7536721c8a19"
"checksum traitobject 0.0.1 (registry+https://github.com/rust-lang/crates.io-index)" = "07eaeb7689bb7fca7ce15628319635758eda769fed481ecfe6686ddef2600616"
"checksum traitobject 0.0.3 (registry+https://github.com/rust-lang/crates.io-index)" = "9dc23794ff47c95882da6f9d15de9a6be14987760a28cc0aafb40b7675ef09d8"
"checksum typeable 0.1.1 (registry+https://github.com/rust-lang/crates.io-index)" = "9adb3f71326ace0aacfed8344346f12761e75a4bebe6b979ed786943c47f6e0a"
"checksum typemap 0.3.2 (registry+https://github.com/rust-lang/crates.io-index)" = "d0d2a4730411b6f8318d58422caadf0d53786611838507ef2ec28a817ac931b6"
"checksum unicase 0.1.0 (registry+https://github.com/rust-lang/crates.io-index)" = "eb36c77a753bc1b3e70d48b356fcdd97a23e6efca007b280dc020dd112018bfb"
"checksum unsafe-any 0.4.1 (registry+https://github.com/rust-lang/crates.io-index)" = "b351086021ebc264aea3ab4f94d61d889d98e5e9ec2d985d993f50133537fd3a"
"checksum url 0.2.34 (registry+https://github.com/rust-lang/crates.io-index)" = "a78bb74d73cbcf7db3be1ffd20f51149179d746633e4037cd0c010be3e3245fc"
"checksum urlencoded 0.2.0 (registry+https://github.com/rust-lang/crates.io-index)" = "18e0d81033da642f5bbbe0e0bfe5db2965277ee1be706b988d0639621e19f88b"
